<?xml version="1.0" encoding="utf-8"?>
<Project ToolsVersion="4.0" xmlns="http://schemas.microsoft.com/developer/msbuild/2003">
  <ItemGroup>
    <Filter Include="Source Files">
      <UniqueIdentifier>{4FC737F1-C7A5-4376-A066-2A32D752A2FF}</UniqueIdentifier>
      <Extensions>cpp;c;cc;cxx;def;odl;idl;hpj;bat;asm;asmx</Extensions>
    </Filter>
    <Filter Include="Header Files">
      <UniqueIdentifier>{93995380-89BD-4b04-88EB-625FBE52EBFB}</UniqueIdentifier>
      <Extensions>h;hh;hpp;hxx;hm;inl;inc;xsd</Extensions>
    </Filter>
    <Filter Include="Resource Files">
      <UniqueIdentifier>{67DA6AB6-F800-4c08-8B7A-83BB121AAD01}</UniqueIdentifier>
      <Extensions>rc;ico;cur;bmp;dlg;rc2;rct;bin;rgs;gif;jpg;jpeg;jpe;resx;tiff;tif;png;wav;mfcribbon-ms</Extensions>
    </Filter>
    <Filter Include="Shader Files">
      <UniqueIdentifier>{9710fd3d-1b3b-4025-a0b9-e8be0b73b32f}</UniqueIdentifier>
      <Extensions>glsl;hlsl;</Extensions>
    </Filter>
    <Filter Include="Dependencies">
      <UniqueIdentifier>{8ce2ffe0-dced-47fd-9d1c-6f11b8f5b8d6}</UniqueIdentifier>
    </Filter>
    <Filter Include="Resource Files\subtextures">
      <UniqueIdentifier>{c0e43300-e6f7-4bfa-8874-4a032daf8bd4}</UniqueIdentifier>
    </Filter>
  </ItemGroup>
  <ItemGroup>
    <Text Include="ReadMe.txt" />
    <Text Include="compressed_fragment.glsl">
      <Filter>Shader Files</Filter>
    </Text>
    <Text Include="compressed_vertex.glsl">
      <Filter>Shader Files</Filter>
    </Text>
  </ItemGroup>
  <ItemGroup>
    <ClInclude Include="stdafx.h">
      <Filter>Header Files</Filter>
    </ClInclude>
    <ClInclude Include="util\camera.h">
      <Filter>Header Files</Filter>
    </ClInclude>
    <ClInclude Include="util\lodepng.h">
      <Filter>Header Files</Filter>
    </ClInclude>
    <ClInclude Include="util\mesh.h">
      <Filter>Header Files</Filter>
    </ClInclude>
    <ClInclude Include="util\shader.h">
      <Filter>Header Files</Filter>
    </ClInclude>
    <ClInclude Include="util\Terrain_Gen.h">
      <Filter>Header Files</Filter>
    </ClInclude>
    <ClInclude Include="splay.h">
      <Filter>Header Files</Filter>
    </ClInclude>
    <ClInclude Include="treeChunk.h">
      <Filter>Header Files</Filter>
    </ClInclude>
  </ItemGroup>
  <ItemGroup>
    <ClCompile Include="util\lodepng.cpp">
      <Filter>Source Files</Filter>
    </ClCompile>
    <ClCompile Include="treeChunk.cpp">
      <Filter>Source Files</Filter>
    </ClCompile>
    <ClCompile Include="HephaestusEngine.cpp">
      <Filter>Source Files</Filter>
    </ClCompile>
    <ClCompile Include="stdafx.cpp">
      <Filter>Source Files</Filter>
    </ClCompile>
  </ItemGroup>
  <ItemGroup>
    <Image Include="tex\clouds.png">
      <Filter>Resource Files</Filter>
    </Image>
    <Image Include="tex\moon.png">
      <Filter>Resource Files</Filter>
    </Image>
    <Image Include="tex\moon_phases.png">
      <Filter>Resource Files</Filter>
    </Image>
    <Image Include="tex\sun.png">
      <Filter>Resource Files</Filter>
    </Image>
    <Image Include="tex\terrain.png">
      <Filter>Resource Files</Filter>
    </Image>
    <Image Include="textures\blocks\brick.png">
      <Filter>Resource Files\subtextures</Filter>
    </Image>
    <Image Include="textures\blocks\coal_ore.png">
      <Filter>Resource Files\subtextures</Filter>
    </Image>
    <Image Include="textures\blocks\coarse_dirt.png">
      <Filter>Resource Files\subtextures</Filter>
    </Image>
    <Image Include="textures\blocks\cobblestone.png">
      <Filter>Resource Files\subtextures</Filter>
    </Image>
    <Image Include="textures\blocks\diamond_ore.png">
      <Filter>Resource Files\subtextures</Filter>
    </Image>
    <Image Include="textures\blocks\dirt.png">
      <Filter>Resource Files\subtextures</Filter>
    </Image>
    <Image Include="textures\blocks\emerald_ore.png">
      <Filter>Resource Files\subtextures</Filter>
    </Image>
    <Image Include="textures\blocks\grass_side.png">
      <Filter>Resource Files\subtextures</Filter>
    </Image>
    <Image Include="textures\blocks\grass_top.png">
      <Filter>Resource Files\subtextures</Filter>
    </Image>
    <Image Include="textures\blocks\leaves_big_oak.png">
      <Filter>Resource Files\subtextures</Filter>
    </Image>
    <Image Include="textures\blocks\leaves_big_oak_opaque.png">
      <Filter>Resource Files\subtextures</Filter>
    </Image>
    <Image Include="textures\blocks\log_big_oak.png">
      <Filter>Resource Files\subtextures</Filter>
    </Image>
    <Image Include="textures\blocks\log_big_oak_top.png">
      <Filter>Resource Files\subtextures</Filter>
    </Image>
    <Image Include="textures\blocks\planks_oak.png">
      <Filter>Resource Files\subtextures</Filter>
    </Image>
    <Image Include="textures\blocks\sand.png">
      <Filter>Resource Files\subtextures</Filter>
    </Image>
    <Image Include="textures\blocks\stonebrick.png">
      <Filter>Resource Files\subtextures</Filter>
    </Image>
    <Image Include="textures\blocks\stone_slab_top.png">
      <Filter>Resource Files\subtextures</Filter>
    </Image>
    <Image Include="textures\blocks\stone_slab_side.png">
      <Filter>Resource Files\subtextures</Filter>
    </Image>
    <Image Include="textures\blocks\stone.png">
      <Filter>Resource Files\subtextures</Filter>
    </Image>
    <Image Include="textures\blocks\wool_colored_black.png">
      <Filter>Resource Files\subtextures</Filter>
    </Image>
    <Image Include="textures\blocks\wool_colored_blue.png">
      <Filter>Resource Files\subtextures</Filter>
    </Image>
    <Image Include="textures\blocks\wool_colored_brown.png">
      <Filter>Resource Files\subtextures</Filter>
    </Image>
    <Image Include="textures\blocks\wool_colored_gray.png">
      <Filter>Resource Files\subtextures</Filter>
    </Image>
    <Image Include="textures\blocks\wool_colored_cyan.png">
      <Filter>Resource Files\subtextures</Filter>
    </Image>
    <Image Include="textures\blocks\wool_colored_green.png">
      <Filter>Resource Files\subtextures</Filter>
    </Image>
    <Image Include="textures\blocks\wool_colored_light_blue.png">
      <Filter>Resource Files\subtextures</Filter>
    </Image>
    <Image Include="textures\blocks\wool_colored_lime.png">
      <Filter>Resource Files\subtextures</Filter>
    </Image>
    <Image Include="textures\blocks\wool_colored_magenta.png">
      <Filter>Resource Files\subtextures</Filter>
    </Image>
    <Image Include="textures\blocks\wool_colored_orange.png">
      <Filter>Resource Files\subtextures</Filter>
    </Image>
    <Image Include="textures\blocks\wool_colored_pink.png">
      <Filter>Resource Files\subtextures</Filter>
    </Image>
    <Image Include="textures\blocks\wool_colored_yellow.png">
      <Filter>Resource Files\subtextures</Filter>
    </Image>
    <Image Include="textures\blocks\wool_colored_white.png">
      <Filter>Resource Files\subtextures</Filter>
    </Image>
    <Image Include="textures\blocks\wool_colored_purple.png">
      <Filter>Resource Files\subtextures</Filter>
    </Image>
    <Image Include="textures\blocks\wool_colored_silver.png">
      <Filter>Resource Files\subtextures</Filter>
    </Image>
    <Image Include="textures\blocks\wool_colored_red.png">
      <Filter>Resource Files\subtextures</Filter>
    </Image>
    <Image Include="textures\blocks\tallgrass.png">
      <Filter>Resource Files</Filter>
    </Image>
  </ItemGroup>
</Project>